
Microsoft Visual Studio Solution File, Format Version 12.00
# Visual Studio Version 17
VisualStudioVersion = 17.3.32922.545
MinimumVisualStudioVersion = 10.0.40219.1
Project("{FAE04EC0-301F-11D3-BF4B-00C04F79EFBC}") = "bogus-efcore", "bogus-efcore.csproj", "{BCCD863A-9F52-40C3-B9C7-6493CE095646}"
EndProject
Global
	GlobalSection(SolutionConfigurationPlatforms) = preSolution
		Debug|Any CPU = Debug|Any CPU
		Release|Any CPU = Release|Any CPU
	EndGlobalSection
	GlobalSection(ProjectConfigurationPlatforms) = postSolution
		{BCCD863A-9F52-40C3-B9C7-6493CE095646}.Debug|Any CPU.ActiveCfg = Debug|Any CPU
		{BCCD863A-9F52-40C3-B9C7-6493CE095646}.Debug|Any CPU.Build.0 = Debug|Any CPU
		{BCCD863A-9F52-40C3-B9C7-6493CE095646}.Release|Any CPU.ActiveCfg = Release|Any CPU
		{BCCD863A-9F52-40C3-B9C7-6493CE095646}.Release|Any CPU.Build.0 = Release|Any CPU
	EndGlobalSection
	GlobalSection(SolutionProperties) = preSolution
		HideSolutionNode = FALSE
	EndGlobalSection
	GlobalSection(ExtensibilityGlobals) = postSolution
		SolutionGuid = {F8CF242D-69A2-4C3B-9639-13C2A7078A17}
	EndGlobalSection
EndGlobal
